lockfileVersion: '6.0'

settings:
  autoInstallPeers: true
  excludeLinksFromLockfile: false

importers:

  .:
    devDependencies:
      '@biomejs/biome':
        specifier: 1.8.3
        version: 1.8.3
      prettier:
        specifier: ^3.2.5
        version: 3.3.3
      turbo:
        specifier: ^2.1.1
        version: 2.1.1
      typescript:
        specifier: ^5.4.5
        version: 5.5.4

  apps/api:
    dependencies:
      '@scale/tsconfig':
        specifier: workspace:*
        version: link:../../packages/tsconfig

  packages/biome:
    devDependencies:
      '@biomejs/biome':
        specifier: 1.8.3
        version: 1.8.3

  packages/tsconfig: {}

packages:

  /@biomejs/biome@1.8.3:
    resolution: {integrity: sha512-/uUV3MV+vyAczO+vKrPdOW0Iaet7UnJMU4bNMinggGJTAnBPjCoLEYcyYtYHNnUNYlv4xZMH6hVIQCAozq8d5w==}
    engines: {node: '>=14.21.3'}
    hasBin: true
    requiresBuild: true
    optionalDependencies:
      '@biomejs/cli-darwin-arm64': 1.8.3
      '@biomejs/cli-darwin-x64': 1.8.3
      '@biomejs/cli-linux-arm64': 1.8.3
      '@biomejs/cli-linux-arm64-musl': 1.8.3
      '@biomejs/cli-linux-x64': 1.8.3
      '@biomejs/cli-linux-x64-musl': 1.8.3
      '@biomejs/cli-win32-arm64': 1.8.3
      '@biomejs/cli-win32-x64': 1.8.3
    dev: true

  /@biomejs/cli-darwin-arm64@1.8.3:
    resolution: {integrity: sha512-9DYOjclFpKrH/m1Oz75SSExR8VKvNSSsLnVIqdnKexj6NwmiMlKk94Wa1kZEdv6MCOHGHgyyoV57Cw8WzL5n3A==}
    engines: {node: '>=14.21.3'}
    cpu: [arm64]
    os: [darwin]
    requiresBuild: true
    dev: true
    optional: true

  /@biomejs/cli-darwin-x64@1.8.3:
    resolution: {integrity: sha512-UeW44L/AtbmOF7KXLCoM+9PSgPo0IDcyEUfIoOXYeANaNXXf9mLUwV1GeF2OWjyic5zj6CnAJ9uzk2LT3v/wAw==}
    engines: {node: '>=14.21.3'}
    cpu: [x64]
    os: [darwin]
    requiresBuild: true
    dev: true
    optional: true

  /@biomejs/cli-linux-arm64-musl@1.8.3:
    resolution: {integrity: sha512-9yjUfOFN7wrYsXt/T/gEWfvVxKlnh3yBpnScw98IF+oOeCYb5/b/+K7YNqKROV2i1DlMjg9g/EcN9wvj+NkMuQ==}
    engines: {node: '>=14.21.3'}
    cpu: [arm64]
    os: [linux]
    requiresBuild: true
    dev: true
    optional: true

  /@biomejs/cli-linux-arm64@1.8.3:
    resolution: {integrity: sha512-fed2ji8s+I/m8upWpTJGanqiJ0rnlHOK3DdxsyVLZQ8ClY6qLuPc9uehCREBifRJLl/iJyQpHIRufLDeotsPtw==}
    engines: {node: '>=14.21.3'}
    cpu: [arm64]
    os: [linux]
    requiresBuild: true
    dev: true
    optional: true

  /@biomejs/cli-linux-x64-musl@1.8.3:
    resolution: {integrity: sha512-UHrGJX7PrKMKzPGoEsooKC9jXJMa28TUSMjcIlbDnIO4EAavCoVmNQaIuUSH0Ls2mpGMwUIf+aZJv657zfWWjA==}
    engines: {node: '>=14.21.3'}
    cpu: [x64]
    os: [linux]
    requiresBuild: true
    dev: true
    optional: true

  /@biomejs/cli-linux-x64@1.8.3:
    resolution: {integrity: sha512-I8G2QmuE1teISyT8ie1HXsjFRz9L1m5n83U1O6m30Kw+kPMPSKjag6QGUn+sXT8V+XWIZxFFBoTDEDZW2KPDDw==}
    engines: {node: '>=14.21.3'}
    cpu: [x64]
    os: [linux]
    requiresBuild: true
    dev: true
    optional: true

  /@biomejs/cli-win32-arm64@1.8.3:
    resolution: {integrity: sha512-J+Hu9WvrBevfy06eU1Na0lpc7uR9tibm9maHynLIoAjLZpQU3IW+OKHUtyL8p6/3pT2Ju5t5emReeIS2SAxhkQ==}
    engines: {node: '>=14.21.3'}
    cpu: [arm64]
    os: [win32]
    requiresBuild: true
    dev: true
    optional: true

  /@biomejs/cli-win32-x64@1.8.3:
    resolution: {integrity: sha512-/PJ59vA1pnQeKahemaQf4Nyj7IKUvGQSc3Ze1uIGi+Wvr1xF7rGobSrAAG01T/gUDG21vkDsZYM03NAmPiVkqg==}
    engines: {node: '>=14.21.3'}
    cpu: [x64]
    os: [win32]
    requiresBuild: true
    dev: true
    optional: true

  /prettier@3.3.3:
    resolution: {integrity: sha512-i2tDNA0O5IrMO757lfrdQZCc2jPNDVntV0m/+4whiDfWaTKfMNgR7Qz0NAeGz/nRqF4m5/6CLzbP4/liHt12Ew==}
    engines: {node: '>=14'}
    hasBin: true
    dev: true

  /turbo-darwin-64@2.1.1:
    resolution: {integrity: sha512-aYNuJpZlCoi0Htd79fl/2DywpewGKijdXeOfg9KzNuPVKzSMYlAXuAlNGh0MKjiOcyqxQGL7Mq9LFhwA0VpDpQ==}
    cpu: [x64]
    os: [darwin]
    requiresBuild: true
    dev: true
    optional: true

  /turbo-darwin-arm64@2.1.1:
    resolution: {integrity: sha512-tifJKD8yHY48rHXPMcM8o1jI/Jk2KCaXiNjTKvvy9Zsim61BZksNVLelIbrRoCGwAN6PUBZO2lGU5iL/TQJ5Pw==}
    cpu: [arm64]
    os: [darwin]
    requiresBuild: true
    dev: true
    optional: true

  /turbo-linux-64@2.1.1:
    resolution: {integrity: sha512-Js6d/bSQe9DuV9c7ITXYpsU/ADzFHABdz1UIHa7Oqjj9VOEbFeA9WpAn0c+mdJrVD+IXJFbbDZUjN7VYssmtcg==}
    cpu: [x64]
    os: [linux]
    requiresBuild: true
    dev: true
    optional: true

  /turbo-linux-arm64@2.1.1:
    resolution: {integrity: sha512-LidzTCq0yvQ+N8w8Qub9FmhQ/mmEIeoqFi7DSupekEV2EjvE9jw/zYc9Pk67X+g7dHVfgOnvVzmrjChdxpFePw==}
    cpu: [arm64]
    os: [linux]
    requiresBuild: true
    dev: true
    optional: true

  /turbo-windows-64@2.1.1:
    resolution: {integrity: sha512-GKc9ZywKwy4xLDhwXd6H07yzl0TB52HjXMrFLyHGhCVnf/w0oq4sLJv2sjbvuarPjsyx4xnCBJ3m3oyL2XmFtA==}
    cpu: [x64]
    os: [win32]
    requiresBuild: true
    dev: true
    optional: true

  /turbo-windows-arm64@2.1.1:
    resolution: {integrity: sha512-oFKkMj11KKUv3xSK9/fhAEQTxLUp1Ol1EOktwc32+SFtEU0uls7kosAz0b+qe8k3pJGEMFdDPdqoEjyJidbxtQ==}
    cpu: [arm64]
    os: [win32]
    requiresBuild: true
    dev: true
    optional: true

  /turbo@2.1.1:
    resolution: {integrity: sha512-u9gUDkmR9dFS8b5kAYqIETK4OnzsS4l2ragJ0+soSMHh6VEeNHjTfSjk1tKxCqLyziCrPogadxP680J+v6yGHw==}
    hasBin: true
    optionalDependencies:
      turbo-darwin-64: 2.1.1
      turbo-darwin-arm64: 2.1.1
      turbo-linux-64: 2.1.1
      turbo-linux-arm64: 2.1.1
      turbo-windows-64: 2.1.1
      turbo-windows-arm64: 2.1.1
    dev: true

  /typescript@5.5.4:
    resolution: {integrity: sha512-Mtq29sKDAEYP7aljRgtPOpTvOfbwRWlS6dPRzwjdE+C0R4brX/GUyhHSecbHMFLNBLcJIPt9nl9yG5TZ1weH+Q==}
    engines: {node: '>=14.17'}
    hasBin: true
    dev: true
